// !$*UTF8*$!
{
	archiveVersion = 1;
	classes = {
	};
	objectVersion = 77;
	objects = {

/* Begin PBXContainerItemProxy section */
		335038762EC26CAA00C8D6C5 /* PBXContainerItemProxy */ = {
			isa = PBXContainerItemProxy;
			containerPortal = 3350385D2EC26CA800C8D6C5 /* Project object */;
			proxyType = 1;
			remoteGlobalIDString = 335038642EC26CA800C8D6C5;
			remoteInfo = MultipleStockListApp;
		};
		335038802EC26CAA00C8D6C5 /* PBXContainerItemProxy */ = {
			isa = PBXContainerItemProxy;
			containerPortal = 3350385D2EC26CA800C8D6C5 /* Project object */;
			proxyType = 1;
			remoteGlobalIDString = 335038642EC26CA800C8D6C5;
			remoteInfo = MultipleStockListApp;
		};
/* End PBXContainerItemProxy section */

/* Begin PBXFileReference section */
		335038652EC26CA800C8D6C5 /* MultipleStockListApp.app */ = {isa = PBXFileReference; explicitFileType = wrapper.application; includeInIndex = 0; path = MultipleStockListApp.app; sourceTree = BUILT_PRODUCTS_DIR; };
		335038752EC26CAA00C8D6C5 /* MultipleStockListAppTests.xctest */ = {isa = PBXFileReference; explicitFileType = wrapper.cfbundle; includeInIndex = 0; path = MultipleStockListAppTests.xctest; sourceTree = BUILT_PRODUCTS_DIR; };
		3350387F2EC26CAA00C8D6C5 /* MultipleStockListAppUITests.xctest */ = {isa = PBXFileReference; explicitFileType = wrapper.cfbundle; includeInIndex = 0; path = MultipleStockListAppUITests.xctest; sourceTree = BUILT_PRODUCTS_DIR; };
/* End PBXFileReference section */

/* Begin PBXFileSystemSynchronizedRootGroup section */
		335038672EC26CA800C8D6C5 /* MultipleStockListApp */ = {
			isa = PBXFileSystemSynchronizedRootGroup;
			path = MultipleStockListApp;
			sourceTree = "<group>";
		};
		335038782EC26CAA00C8D6C5 /* MultipleStockListAppTests */ = {
			isa = PBXFileSystemSynchronizedRootGroup;
			path = MultipleStockListAppTests;
			sourceTree = "<group>";
		};
		335038822EC26CAA00C8D6C5 /* MultipleStockListAppUITests */ = {
			isa = PBXFileSystemSynchronizedRootGroup;
			path = MultipleStockListAppUITests;
			sourceTree = "<group>";
		};
/* End PBXFileSystemSynchronizedRootGroup section */

/* Begin PBXFrameworksBuildPhase section */
		335038622EC26CA800C8D6C5 /* Frameworks */ = {
			isa = PBXFrameworksBuildPhase;
			buildActionMask = 2147483647;
			files = (
			);
			runOnlyForDeploymentPostprocessing = 0;
		};
		335038722EC26CAA00C8D6C5 /* Frameworks */ = {
			isa = PBXFrameworksBuildPhase;
			buildActionMask = 2147483647;
			files = (
			);
			runOnlyForDeploymentPostprocessing = 0;
		};
		3350387C2EC26CAA00C8D6C5 /* Frameworks */ = {
			isa = PBXFrameworksBuildPhase;
			buildActionMask = 2147483647;
			files = (
			);
			runOnlyForDeploymentPostprocessing = 0;
		};
/* End PBXFrameworksBuildPhase section */

/* Begin PBXGroup section */
		3350385C2EC26CA800C8D6C5 = {
			isa = PBXGroup;
			children = (
				335038672EC26CA800C8D6C5 /* MultipleStockListApp */,
				335038782EC26CAA00C8D6C5 /* MultipleStockListAppTests */,
				335038822EC26CAA00C8D6C5 /* MultipleStockListAppUITests */,
				335038662EC26CA800C8D6C5 /* Products */,
			);
			sourceTree = "<group>";
		};
		335038662EC26CA800C8D6C5 /* Products */ = {
			isa = PBXGroup;
			children = (
				335038652EC26CA800C8D6C5 /* MultipleStockListApp.app */,
				335038752EC26CAA00C8D6C5 /* MultipleStockListAppTests.xctest */,
				3350387F2EC26CAA00C8D6C5 /* MultipleStockListAppUITests.xctest */,
			);
			name = Products;
			sourceTree = "<group>";
		};
/* End PBXGroup section */

/* Begin PBXNativeTarget section */
		335038642EC26CA800C8D6C5 /* MultipleStockListApp */ = {
			isa = PBXNativeTarget;
			buildConfigurationList = 335038892EC26CAA00C8D6C5 /* Build configuration list for PBXNativeTarget "MultipleStockListApp" */;
			buildPhases = (
				335038612EC26CA800C8D6C5 /* Sources */,
				335038622EC26CA800C8D6C5 /* Frameworks */,
				335038632EC26CA800C8D6C5 /* Resources */,
			);
			buildRules = (
			);
			dependencies = (
			);
			fileSystemSynchronizedGroups = (
				335038672EC26CA800C8D6C5 /* MultipleStockListApp */,
			);
			name = MultipleStockListApp;
			packageProductDependencies = (
			);
			productName = MultipleStockListApp;
			productReference = 335038652EC26CA800C8D6C5 /* MultipleStockListApp.app */;
			productType = "com.apple.product-type.application";
		};
		335038742EC26CAA00C8D6C5 /* MultipleStockListAppTests */ = {
			isa = PBXNativeTarget;
			buildConfigurationList = 3350388C2EC26CAA00C8D6C5 /* Build configuration list for PBXNativeTarget "MultipleStockListAppTests" */;
			buildPhases = (
				335038712EC26CAA00C8D6C5 /* Sources */,
				335038722EC26CAA00C8D6C5 /* Frameworks */,
				335038732EC26CAA00C8D6C5 /* Resources */,
			);
			buildRules = (
			);
			dependencies = (
				335038772EC26CAA00C8D6C5 /* PBXTargetDependency */,
			);
			fileSystemSynchronizedGroups = (
				335038782EC26CAA00C8D6C5 /* MultipleStockListAppTests */,
			);
			name = MultipleStockListAppTests;
			packageProductDependencies = (
			);
			productName = MultipleStockListAppTests;
			productReference = 335038752EC26CAA00C8D6C5 /* MultipleStockListAppTests.xctest */;
			productType = "com.apple.product-type.bundle.unit-test";
		};
		3350387E2EC26CAA00C8D6C5 /* MultipleStockListAppUITests */ = {
			isa = PBXNativeTarget;
			buildConfigurationList = 3350388F2EC26CAA00C8D6C5 /* Build configuration list for PBXNativeTarget "MultipleStockListAppUITests" */;
			buildPhases = (
				3350387B2EC26CAA00C8D6C5 /* Sources */,
				3350387C2EC26CAA00C8D6C5 /* Frameworks */,
				3350387D2EC26CAA00C8D6C5 /* Resources */,
			);
			buildRules = (
			);
			dependencies = (
				335038812EC26CAA00C8D6C5 /* PBXTargetDependency */,
			);
			fileSystemSynchronizedGroups = (
				335038822EC26CAA00C8D6C5 /* MultipleStockListAppUITests */,
			);
			name = MultipleStockListAppUITests;
			packageProductDependencies = (
			);
			productName = MultipleStockListAppUITests;
			productReference = 3350387F2EC26CAA00C8D6C5 /* MultipleStockListAppUITests.xctest */;
			productType = "com.apple.product-type.bundle.ui-testing";
		};
/* End PBXNativeTarget section */

/* Begin PBXProject section */
		3350385D2EC26CA800C8D6C5 /* Project object */ = {
			isa = PBXProject;
			attributes = {
				BuildIndependentTargetsInParallel = 1;
				LastSwiftUpdateCheck = 1620;
				LastUpgradeCheck = 1620;
				TargetAttributes = {
					335038642EC26CA800C8D6C5 = {
						CreatedOnToolsVersion = 16.2;
					};
					335038742EC26CAA00C8D6C5 = {
						CreatedOnToolsVersion = 16.2;
						TestTargetID = 335038642EC26CA800C8D6C5;
					};
					3350387E2EC26CAA00C8D6C5 = {
						CreatedOnToolsVersion = 16.2;
						TestTargetID = 335038642EC26CA800C8D6C5;
					};
				};
			};
			buildConfigurationList = 335038602EC26CA800C8D6C5 /* Build configuration list for PBXProject "MultipleStockListApp" */;
			developmentRegion = en;
			hasScannedForEncodings = 0;
			knownRegions = (
				en,
				Base,
			);
			mainGroup = 3350385C2EC26CA800C8D6C5;
			minimizedProjectReferenceProxies = 1;
			preferredProjectObjectVersion = 77;
			productRefGroup = 335038662EC26CA800C8D6C5 /* Products */;
			projectDirPath = "";
			projectRoot = "";
			targets = (
				335038642EC26CA800C8D6C5 /* MultipleStockListApp */,
				335038742EC26CAA00C8D6C5 /* MultipleStockListAppTests */,
				3350387E2EC26CAA00C8D6C5 /* MultipleStockListAppUITests */,
			);
		};
/* End PBXProject section */

/* Begin PBXResourcesBuildPhase section */
		335038632EC26CA800C8D6C5 /* Resources */ = {
			isa = PBXResourcesBuildPhase;
			buildActionMask = 2147483647;
			files = (
			);
			runOnlyForDeploymentPostprocessing = 0;
		};
		335038732EC26CAA00C8D6C5 /* Resources */ = {
			isa = PBXResourcesBuildPhase;
			buildActionMask = 2147483647;
			files = (
			);
			runOnlyForDeploymentPostprocessing = 0;
		};
		3350387D2EC26CAA00C8D6C5 /* Resources */ = {
			isa = PBXResourcesBuildPhase;
			buildActionMask = 2147483647;
			files = (
			);
			runOnlyForDeploymentPostprocessing = 0;
		};
/* End PBXResourcesBuildPhase section */

/* Begin PBXSourcesBuildPhase section */
		335038612EC26CA800C8D6C5 /* Sources */ = {
			isa = PBXSourcesBuildPhase;
			buildActionMask = 2147483647;
			files = (
			);
			runOnlyForDeploymentPostprocessing = 0;
		};
		335038712EC26CAA00C8D6C5 /* Sources */ = {
			isa = PBXSourcesBuildPhase;
			buildActionMask = 2147483647;
			files = (
			);
			runOnlyForDeploymentPostprocessing = 0;
		};
		3350387B2EC26CAA00C8D6C5 /* Sources */ = {
			isa = PBXSourcesBuildPhase;
			buildActionMask = 2147483647;
			files = (
			);
			runOnlyForDeploymentPostprocessing = 0;
		};
/* End PBXSourcesBuildPhase section */

/* Begin PBXTargetDependency section */
		335038772EC26CAA00C8D6C5 /* PBXTargetDependency */ = {
			isa = PBXTargetDependency;
			target = 335038642EC26CA800C8D6C5 /* MultipleStockListApp */;
			targetProxy = 335038762EC26CAA00C8D6C5 /* PBXContainerItemProxy */;
		};
		335038812EC26CAA00C8D6C5 /* PBXTargetDependency */ = {
			isa = PBXTargetDependency;
			target = 335038642EC26CA800C8D6C5 /* MultipleStockListApp */;
			targetProxy = 335038802EC26CAA00C8D6C5 /* PBXContainerItemProxy */;
		};
/* End PBXTargetDependency section */

/* Begin XCBuildConfiguration section */
		335038872EC26CAA00C8D6C5 /* Debug */ = {
			isa = XCBuildConfiguration;
			buildSettings = {
				ALWAYS_SEARCH_USER_PATHS = NO;
				ASSETCATALOG_COMPILER_GENERATE_SWIFT_ASSET_SYMBOL_EXTENSIONS = YES;
				CLANG_ANALYZER_NONNULL = YES;
				CLANG_ANALYZER_NUMBER_OBJECT_CONVERSION = YES_AGGRESSIVE;
				CLANG_CXX_LANGUAGE_STANDARD = "gnu++20";
				CLANG_ENABLE_MODULES = YES;
				CLANG_ENABLE_OBJC_ARC = YES;
				CLANG_ENABLE_OBJC_WEAK = YES;
				CLANG_WARN_BLOCK_CAPTURE_AUTORELEASING = YES;
				CLANG_WARN_BOOL_CONVERSION = YES;
				CLANG_WARN_COMMA = YES;
				CLANG_WARN_CONSTANT_CONVERSION = YES;
				CLANG_WARN_DEPRECATED_OBJC_IMPLEMENTATIONS = YES;
				CLANG_WARN_DIRECT_OBJC_ISA_USAGE = YES_ERROR;
				CLANG_WARN_DOCUMENTATION_COMMENTS = YES;
				CLANG_WARN_EMPTY_BODY = YES;
				CLANG_WARN_ENUM_CONVERSION = YES;
				CLANG_WARN_INFINITE_RECURSION = YES;
				CLANG_WARN_INT_CONVERSION = YES;
				CLANG_WARN_NON_LITERAL_NULL_CONVERSION = YES;
				CLANG_WARN_OBJC_IMPLICIT_RETAIN_SELF = YES;
				CLANG_WARN_OBJC_LITERAL_CONVERSION = YES;
				CLANG_WARN_OBJC_ROOT_CLASS = YES_ERROR;
				CLANG_WARN_QUOTED_INCLUDE_IN_FRAMEWORK_HEADER = YES;
				CLANG_WARN_RANGE_LOOP_ANALYSIS = YES;
				CLANG_WARN_STRICT_PROTOTYPES = YES;
				CLANG_WARN_SUSPICIOUS_MOVE = YES;
				CLANG_WARN_UNGUARDED_AVAILABILITY = YES_AGGRESSIVE;
				CLANG_WARN_UNREACHABLE_CODE = YES;
				CLANG_WARN__DUPLICATE_METHOD_MATCH = YES;
				COPY_PHASE_STRIP = NO;
				DEBUG_INFORMATION_FORMAT = dwarf;
				ENABLE_STRICT_OBJC_MSGSEND = YES;
				ENABLE_TESTABILITY = YES;
				ENABLE_USER_SCRIPT_SANDBOXING = YES;
				GCC_C_LANGUAGE_STANDARD = gnu17;
				GCC_DYNAMIC_NO_PIC = NO;
				GCC_NO_COMMON_BLOCKS = YES;
				GCC_OPTIMIZATION_LEVEL = 0;
				GCC_PREPROCESSOR_DEFINITIONS = (
					"DEBUG=1",
					"$(inherited)",
				);
				GCC_WARN_64_TO_32_BIT_CONVERSION = YES;
				GCC_WARN_ABOUT_RETURN_TYPE = YES_ERROR;
				GCC_WARN_UNDECLARED_SELECTOR = YES;
				GCC_WARN_UNINITIALIZED_AUTOS = YES_AGGRESSIVE;
				GCC_WARN_UNUSED_FUNCTION = YES;
				GCC_WARN_UNUSED_VARIABLE = YES;
				IPHONEOS_DEPLOYMENT_TARGET = 18.2;
				LOCALIZATION_PREFERS_STRING_CATALOGS = YES;
				MTL_ENABLE_DEBUG_INFO = INCLUDE_SOURCE;
				MTL_FAST_MATH = YES;
				ONLY_ACTIVE_ARCH = YES;
				SDKROOT = iphoneos;
				SWIFT_ACTIVE_COMPILATION_CONDITIONS = "DEBUG $(inherited)";
				SWIFT_OPTIMIZATION_LEVEL = "-Onone";
			};
			name = Debug;
		};
		335038882EC26CAA00C8D6C5 /* Release */ = {
			isa = XCBuildConfiguration;
			buildSettings = {
				ALWAYS_SEARCH_USER_PATHS = NO;
				ASSETCATALOG_COMPILER_GENERATE_SWIFT_ASSET_SYMBOL_EXTENSIONS = YES;
				CLANG_ANALYZER_NONNULL = YES;
				CLANG_ANALYZER_NUMBER_OBJECT_CONVERSION = YES_AGGRESSIVE;
				CLANG_CXX_LANGUAGE_STANDARD = "gnu++20";
				CLANG_ENABLE_MODULES = YES;
				CLANG_ENABLE_OBJC_ARC = YES;
				CLANG_ENABLE_OBJC_WEAK = YES;
				CLANG_WARN_BLOCK_CAPTURE_AUTORELEASING = YES;
				CLANG_WARN_BOOL_CONVERSION = YES;
				CLANG_WARN_COMMA = YES;
				CLANG_WARN_CONSTANT_CONVERSION = YES;
				CLANG_WARN_DEPRECATED_OBJC_IMPLEMENTATIONS = YES;
				CLANG_WARN_DIRECT_OBJC_ISA_USAGE = YES_ERROR;
				CLANG_WARN_DOCUMENTATION_COMMENTS = YES;
				CLANG_WARN_EMPTY_BODY = YES;
				CLANG_WARN_ENUM_CONVERSION = YES;
				CLANG_WARN_INFINITE_RECURSION = YES;
				CLANG_WARN_INT_CONVERSION = YES;
				CLANG_WARN_NON_LITERAL_NULL_CONVERSION = YES;
				CLANG_WARN_OBJC_IMPLICIT_RETAIN_SELF = YES;
				CLANG_WARN_OBJC_LITERAL_CONVERSION = YES;
				CLANG_WARN_OBJC_ROOT_CLASS = YES_ERROR;
				CLANG_WARN_QUOTED_INCLUDE_IN_FRAMEWORK_HEADER = YES;
				CLANG_WARN_RANGE_LOOP_ANALYSIS = YES;
				CLANG_WARN_STRICT_PROTOTYPES = YES;
				CLANG_WARN_SUSPICIOUS_MOVE = YES;
				CLANG_WARN_UNGUARDED_AVAILABILITY = YES_AGGRESSIVE;
				CLANG_WARN_UNREACHABLE_CODE = YES;
				CLANG_WARN__DUPLICATE_METHOD_MATCH = YES;
				COPY_PHASE_STRIP = NO;
				DEBUG_INFORMATION_FORMAT = "dwarf-with-dsym";
				ENABLE_NS_ASSERTIONS = NO;
				ENABLE_STRICT_OBJC_MSGSEND = YES;
				ENABLE_USER_SCRIPT_SANDBOXING = YES;
				GCC_C_LANGUAGE_STANDARD = gnu17;
				GCC_NO_COMMON_BLOCKS = YES;
				GCC_WARN_64_TO_32_BIT_CONVERSION = YES;
				GCC_WARN_ABOUT_RETURN_TYPE = YES_ERROR;
				GCC_WARN_UNDECLARED_SELECTOR = YES;
				GCC_WARN_UNINITIALIZED_AUTOS = YES_AGGRESSIVE;
				GCC_WARN_UNUSED_FUNCTION = YES;
				GCC_WARN_UNUSED_VARIABLE = YES;
				IPHONEOS_DEPLOYMENT_TARGET = 18.2;
				LOCALIZATION_PREFERS_STRING_CATALOGS = YES;
				MTL_ENABLE_DEBUG_INFO = NO;
				MTL_FAST_MATH = YES;
				SDKROOT = iphoneos;
				SWIFT_COMPILATION_MODE = wholemodule;
				VALIDATE_PRODUCT = YES;
			};
			name = Release;
		};
		3350388A2EC26CAA00C8D6C5 /* Debug */ = {
			isa = XCBuildConfiguration;
			buildSettings = {
				ASSETCATALOG_COMPILER_APPICON_NAME = AppIcon;
				ASSETCATALOG_COMPILER_GLOBAL_ACCENT_COLOR_NAME = AccentColor;
				CODE_SIGN_STYLE = Automatic;
				CURRENT_PROJECT_VERSION = 1;
				DEVELOPMENT_ASSET_PATHS = "\"MultipleStockListApp/Preview Content\"";
				ENABLE_PREVIEWS = YES;
				GENERATE_INFOPLIST_FILE = YES;
				INFOPLIST_KEY_UIApplicationSceneManifest_Generation = YES;
				INFOPLIST_KEY_UIApplicationSupportsIndirectInputEvents = YES;
				INFOPLIST_KEY_UILaunchScreen_Generation = YES;
				INFOPLIST_KEY_UISupportedInterfaceOrientations_iPad = "UIInterfaceOrientationPortrait UIInterfaceOrientationPortraitUpsideDown UIInterfaceOrientationLandscapeLeft UIInterfaceOrientationLandscapeRight";
				INFOPLIST_KEY_UISupportedInterfaceOrientations_iPhone = "UIInterfaceOrientationPortrait UIInterfaceOrientationLandscapeLeft UIInterfaceOrientationLandscapeRight";
				LD_RUNPATH_SEARCH_PATHS = (
					"$(inherited)",
					"@executable_path/Frameworks",
				);
				MARKETING_VERSION = 1.0;
				PRODUCT_BUNDLE_IDENTIFIER = com.test.MultipleStockListApp;
				PRODUCT_NAME = "$(TARGET_NAME)";
				SWIFT_EMIT_LOC_STRINGS = YES;
				SWIFT_VERSION = 5.0;
				TARGETED_DEVICE_FAMILY = "1,2";
			};
			name = Debug;
		};
		3350388B2EC26CAA00C8D6C5 /* Release */ = {
			isa = XCBuildConfiguration;
			buildSettings = {
				ASSETCATALOG_COMPILER_APPICON_NAME = AppIcon;
				ASSETCATALOG_COMPILER_GLOBAL_ACCENT_COLOR_NAME = AccentColor;
				CODE_SIGN_STYLE = Automatic;
				CURRENT_PROJECT_VERSION = 1;
				DEVELOPMENT_ASSET_PATHS = "\"MultipleStockListApp/Preview Content\"";
				ENABLE_PREVIEWS = YES;
				GENERATE_INFOPLIST_FILE = YES;
				INFOPLIST_KEY_UIApplicationSceneManifest_Generation = YES;
				INFOPLIST_KEY_UIApplicationSupportsIndirectInputEvents = YES;
				INFOPLIST_KEY_UILaunchScreen_Generation = YES;
				INFOPLIST_KEY_UISupportedInterfaceOrientations_iPad = "UIInterfaceOrientationPortrait UIInterfaceOrientationPortraitUpsideDown UIInterfaceOrientationLandscapeLeft UIInterfaceOrientationLandscapeRight";
				INFOPLIST_KEY_UISupportedInterfaceOrientations_iPhone = "UIInterfaceOrientationPortrait UIInterfaceOrientationLandscapeLeft UIInterfaceOrientationLandscapeRight";
				LD_RUNPATH_SEARCH_PATHS = (
					"$(inherited)",
					"@executable_path/Frameworks",
				);
				MARKETING_VERSION = 1.0;
				PRODUCT_BUNDLE_IDENTIFIER = com.test.MultipleStockListApp;
				PRODUCT_NAME = "$(TARGET_NAME)";
				SWIFT_EMIT_LOC_STRINGS = YES;
				SWIFT_VERSION = 5.0;
				TARGETED_DEVICE_FAMILY = "1,2";
			};
			name = Release;
		};
		3350388D2EC26CAA00C8D6C5 /* Debug */ = {
			isa = XCBuildConfiguration;
			buildSettings = {
				BUNDLE_LOADER = "$(TEST_HOST)";
				CODE_SIGN_STYLE = Automatic;
				CURRENT_PROJECT_VERSION = 1;
				GENERATE_INFOPLIST_FILE = YES;
				IPHONEOS_DEPLOYMENT_TARGET = 18.2;
				MARKETING_VERSION = 1.0;
				PRODUCT_BUNDLE_IDENTIFIER = com.test.MultipleStockListAppTests;
				PRODUCT_NAME = "$(TARGET_NAME)";
				SWIFT_EMIT_LOC_STRINGS = NO;
				SWIFT_VERSION = 5.0;
				TARGETED_DEVICE_FAMILY = "1,2";
				TEST_HOST = "$(BUILT_PRODUCTS_DIR)/MultipleStockListApp.app/$(BUNDLE_EXECUTABLE_FOLDER_PATH)/MultipleStockListApp";
			};
			name = Debug;
		};
		3350388E2EC26CAA00C8D6C5 /* Release */ = {
			isa = XCBuildConfiguration;
			buildSettings = {
				BUNDLE_LOADER = "$(TEST_HOST)";
				CODE_SIGN_STYLE = Automatic;
				CURRENT_PROJECT_VERSION = 1;
				GENERATE_INFOPLIST_FILE = YES;
				IPHONEOS_DEPLOYMENT_TARGET = 18.2;
				MARKETING_VERSION = 1.0;
				PRODUCT_BUNDLE_IDENTIFIER = com.test.MultipleStockListAppTests;
				PRODUCT_NAME = "$(TARGET_NAME)";
				SWIFT_EMIT_LOC_STRINGS = NO;
				SWIFT_VERSION = 5.0;
				TARGETED_DEVICE_FAMILY = "1,2";
				TEST_HOST = "$(BUILT_PRODUCTS_DIR)/MultipleStockListApp.app/$(BUNDLE_EXECUTABLE_FOLDER_PATH)/MultipleStockListApp";
			};
			name = Release;
		};
		335038902EC26CAA00C8D6C5 /* Debug */ = {
			isa = XCBuildConfiguration;
			buildSettings = {
				CODE_SIGN_STYLE = Automatic;
				CURRENT_PROJECT_VERSION = 1;
				GENERATE_INFOPLIST_FILE = YES;
				MARKETING_VERSION = 1.0;
				PRODUCT_BUNDLE_IDENTIFIER = com.test.MultipleStockListAppUITests;
				PRODUCT_NAME = "$(TARGET_NAME)";
				SWIFT_EMIT_LOC_STRINGS = NO;
				SWIFT_VERSION = 5.0;
				TARGETED_DEVICE_FAMILY = "1,2";
				TEST_TARGET_NAME = MultipleStockListApp;
			};
			name = Debug;
		};
		335038912EC26CAA00C8D6C5 /* Release */ = {
			isa = XCBuildConfiguration;
			buildSettings = {
				CODE_SIGN_STYLE = Automatic;
				CURRENT_PROJECT_VERSION = 1;
				GENERATE_INFOPLIST_FILE = YES;
				MARKETING_VERSION = 1.0;
				PRODUCT_BUNDLE_IDENTIFIER = com.test.MultipleStockListAppUITests;
				PRODUCT_NAME = "$(TARGET_NAME)";
				SWIFT_EMIT_LOC_STRINGS = NO;
				SWIFT_VERSION = 5.0;
				TARGETED_DEVICE_FAMILY = "1,2";
				TEST_TARGET_NAME = MultipleStockListApp;
			};
			name = Release;
		};
/* End XCBuildConfiguration section */

/* Begin XCConfigurationList section */
		335038602EC26CA800C8D6C5 /* Build configuration list for PBXProject "MultipleStockListApp" */ = {
			isa = XCConfigurationList;
			buildConfigurations = (
				335038872EC26CAA00C8D6C5 /* Debug */,
				335038882EC26CAA00C8D6C5 /* Release */,
			);
			defaultConfigurationIsVisible = 0;
			defaultConfigurationName = Release;
		};
		335038892EC26CAA00C8D6C5 /* Build configuration list for PBXNativeTarget "MultipleStockListApp" */ = {
			isa = XCConfigurationList;
			buildConfigurations = (
				3350388A2EC26CAA00C8D6C5 /* Debug */,
				3350388B2EC26CAA00C8D6C5 /* Release */,
			);
			defaultConfigurationIsVisible = 0;
			defaultConfigurationName = Release;
		};
		3350388C2EC26CAA00C8D6C5 /* Build configuration list for PBXNativeTarget "MultipleStockListAppTests" */ = {
			isa = XCConfigurationList;
			buildConfigurations = (
				3350388D2EC26CAA00C8D6C5 /* Debug */,
				3350388E2EC26CAA00C8D6C5 /* Release */,
			);
			defaultConfigurationIsVisible = 0;
			defaultConfigurationName = Release;
		};
		3350388F2EC26CAA00C8D6C5 /* Build configuration list for PBXNativeTarget "MultipleStockListAppUITests" */ = {
			isa = XCConfigurationList;
			buildConfigurations = (
				335038902EC26CAA00C8D6C5 /* Debug */,
				335038912EC26CAA00C8D6C5 /* Release */,
			);
			defaultConfigurationIsVisible = 0;
			defaultConfigurationName = Release;
		};
/* End XCConfigurationList section */
	};
	rootObject = 3350385D2EC26CA800C8D6C5 /* Project object */;
}
